PODS:
  - ActionSheetPicker-3.0 (2.3.0)
  - Alamofire (4.7.1)
  - CHPageCardView (0.1.0)
  - CryptoSwift (0.9.0)
  - ESPullToRefresh (2.7)
  - ESTabBarController-swift (2.6.2)
  - IQKeyboardManagerSwift (5.0.8)
  - KeychainSwift (11.0.0)
  - LMDropdownView (1.0.3)
  - Localize-Swift (2.0.0)
  - Log (1.0)
  - SwiftyJSON (4.0.0)

DEPENDENCIES:
  - ActionSheetPicker-3.0
  - Alamofire
  - CHPageCardView (from `https://github.com/zhiquan911/CHPageCardView.git`, branch `master`)
  - CryptoSwift
  - ESPullToRefresh
  - ESTabBarController-swift
  - IQKeyboardManagerSwift
  - KeychainSwift (~> 11.0)
  - LMDropdownView
  - Localize-Swift
  - Log
  - SwiftyJSON

EXTERNAL SOURCES:
  CHPageCardView:
    :branch: master
    :git: https://github.com/zhiquan911/CHPageCardView.git

CHECKOUT OPTIONS:
  CHPageCardView:
    :commit: d5280489e2c882d85b8eadbc326194ea51b5709d
    :git: https://github.com/zhiquan911/CHPageCardView.git

SPEC CHECKSUMS:
  ActionSheetPicker-3.0: eef157d75e151f255c5333d26656c7fbfe905a51
  Alamofire: 68d7d521118d49c615a8d2214d87cdf525599d30
  CHPageCardView: 744d04a9a86cc2e732900291195b0037214d8db9
  CryptoSwift: bca8c5b653dcc2d9734409242a070ff53bafac86
  ESPullToRefresh: 119e2710b82b75536aab2bbe4883ba119fca35c8
  ESTabBarController-swift: f0a8679e43df1e60b7b36bbcaf1dc98ba6273c7d
  IQKeyboardManagerSwift: 2e7dc7f98c111458c1ea2b373f893e8cf95e2b97
  KeychainSwift: bea6bd9f98af7b8d7ca4aa79fe105c00fab532db
  LMDropdownView: f03fadfe65908c735580f63d04c47e6d7c5325f3
  Localize-Swift: c798ec9286494866f7068f85f7c71283ac5bdab4
  Log: 5e368c9528db07517d18d2d04ff5fe2b6f5a1e21
  SwiftyJSON: 070dabdcb1beb81b247c65ffa3a79dbbfb3b48aa

PODFILE CHECKSUM: 084c42aad65924bea8f5c24fe4273a4077b9360c

COCOAPODS: 1.3.1
