PODS:
  - Alamofire (4.4.0)
  - CHPageCardView (0.1.0)
  - CryptoSwift (0.6.7)
  - ESPullToRefresh (2.6)
  - ESTabBarController-swift (2.2)
  - IQKeyboardManagerSwift (4.0.6)
  - KeychainSwift (7.0.0)
  - LMDropdownView (1.0.3)
  - Localize-Swift (1.7.1)
  - Log (1.0)
  - SwiftyJSON (3.1.4)

DEPENDENCIES:
  - Alamofire (~> 4.0)
  - CHPageCardView (from `https://github.com/zhiquan911/CHPageCardView.git`, branch `master`)
  - CryptoSwift
  - ESPullToRefresh
  - ESTabBarController-swift
  - IQKeyboardManagerSwift (= 4.0.6)
  - KeychainSwift (~> 7.0)
  - LMDropdownView
  - Localize-Swift (~> 1.5)
  - Log (~> 1.0)
  - SwiftyJSON

EXTERNAL SOURCES:
  CHPageCardView:
    :branch: master
    :git: https://github.com/zhiquan911/CHPageCardView.git

CHECKOUT OPTIONS:
  CHPageCardView:
    :commit: d5280489e2c882d85b8eadbc326194ea51b5709d
    :git: https://github.com/zhiquan911/CHPageCardView.git

SPEC CHECKSUMS:
  Alamofire: dc44b1600b800eb63da6a19039a0083d62a6a62d
  CHPageCardView: 744d04a9a86cc2e732900291195b0037214d8db9
  CryptoSwift: 685ae257941e5447474348a2b545583e1a16b573
  ESPullToRefresh: 85f4990acf87f78c6a1466bbbee7a75d7de24db9
  ESTabBarController-swift: c9abf50cbde98ad10732867ec9fbb5169661d844
  IQKeyboardManagerSwift: b3015e819559ca76381f87a0833f44d178564603
  KeychainSwift: b6947435dd78cc442c64a84ae648dd0e871cf448
  LMDropdownView: f03fadfe65908c735580f63d04c47e6d7c5325f3
  Localize-Swift: 6cabc1087c0e910e77bfa87c2ed3f65c80c0b2df
  Log: 5e368c9528db07517d18d2d04ff5fe2b6f5a1e21
  SwiftyJSON: c2842d878f95482ffceec5709abc3d05680c0220

PODFILE CHECKSUM: 25010f771236fc6b028e613e029841a87b654dda

COCOAPODS: 1.2.0.beta.3
